{
  "nodes": {
    "bluebuild": {
      "inputs": {
        "flake-schemas": "flake-schemas",
        "nixpkgs": [
          "nixpkgs"
        ],
        "rust-overlay": "rust-overlay"
      },
      "locked": {
        "lastModified": 1786594119,
        "narHash": "sha256-LfWzB67XRvz0L2ktsR3hfcDicP95a40LTOBuL3V9C7s=",
        "rev": "513065f998825e2de59f2e51ad1647fd0666f652",
        "revCount": 1112,
        "type": "tarball",
        "url": "https://api.flakehub.com/f/pinned/blue-build/cli/0.9.37/019ff952-dddc-7312-a01b-4e76f4799d83/source.tar.gz"
      },
      "original": {
        "type": "tarball",
        "url": "https://flakehub.com/f/blue-build/cli/0.9.37"
      }
    },
    "flake-schemas": {
      "locked": {
        "lastModified": 1773853635,
        "narHash": "sha256-4VHWij4EWNqy1iZr6OxNB6cuv5tDjMwAL/J1SBLFU2Q=",
        "rev": "19686d6f3da8d4db959523f32eb1b50de9f18301",
        "revCount": 130,
        "type": "tarball",
        "url": "https://api.flakehub.com/f/pinned/DeterminateSystems/flake-schemas/0.4.1/019d01eb-47d3-710f-aade-0515bfcdaa1f/source.tar.gz"
      },
      "original": {
        "type": "tarball",
        "url": "https://flakehub.com/f/DeterminateSystems/flake-schemas/%2A.tar.gz"
      }
    },
    "flake-utils": {
      "inputs": {
        "systems": "systems"
      },
      "locked": {
        "lastModified": 1731533236,
        "narHash": "sha256-l0KFg5HjrsfsO/JpG+r7fRrqm12kzFHyUHqHCVpMMbI=",
        "owner": "numtide",
        "repo": "flake-utils",
        "rev": "11707dc2f618dd54ca8739b309ec4fc024de578b",
        "type": "github"
      },
      "original": {
        "owner": "numtide",
        "repo": "flake-utils",
        "type": "github"
      }
    },
    "nixpkgs": {
      "locked": {
        "lastModified": 1787736819,
        "narHash": "sha256-cV5xEJJK3BvhU8rEd4mC9UsmDi5qscv/kzGPhBRC5WA=",
        "owner": "NixOS",
        "repo": "nixpkgs",
        "rev": "9fbb54b33e91ee4ca368e35a78e0613c720600b3",
        "type": "github"
      },
      "original": {
        "owner": "NixOS",
        "ref": "nixos-unstable",
        "repo": "nixpkgs",
        "type": "github"
      }
    },
    "root": {
      "inputs": {
        "bluebuild": "bluebuild",
        "flake-utils": "flake-utils",
        "nixpkgs": "nixpkgs"
      }
    },
    "rust-overlay": {
      "inputs": {
        "nixpkgs": [
          "bluebuild",
          "nixpkgs"
        ]
      },
      "locked": {
        "lastModified": 1774926780,
        "narHash": "sha256-JMdDYn0F+swYBILlpCeHDbCSyzqkeSGNxZ/Q5J584jM=",
        "owner": "oxalica",
        "repo": "rust-overlay",
        "rev": "962a0934d0e32f42d1b5e49186f9595f9b178d2d",
        "type": "github"
      },
      "original": {
        "owner": "oxalica",
        "repo": "rust-overlay",
        "type": "github"
      }
    },
    "systems": {
      "locked": {
        "lastModified": 1681028828,
        "narHash": "sha256-Vy1rq5AaRuLzOxct8nz4T6wlgyUR7zLU309k9mBC768=",
        "owner": "nix-systems",
        "repo": "default",
        "rev": "da67096a3b9bf56a91d16901293e51ba5b49a27e",
        "type": "github"
      },
      "original": {
        "owner": "nix-systems",
        "repo": "default",
        "type": "github"
      }
    }
  },
  "root": "root",
  "version": 7
}
